
Microsoft Visual Studio Solution File, Format Version 12.00
# Visual Studio Version 17
VisualStudioVersion = 17.0.31912.275
MinimumVisualStudioVersion = 10.0.40219.1
Project("{FAE04EC0-301F-11D3-BF4B-00C04F79EFBC}") = "Bai4", "Bai4\Bai4.csproj", "{98E5137F-CA39-4071-93F2-FAB57A82D46A}"
EndProject
Global
	GlobalSection(SolutionConfigurationPlatforms) = preSolution
		Debug|Any CPU = Debug|Any CPU
		Release|Any CPU = Release|Any CPU
	EndGlobalSection
	GlobalSection(ProjectConfigurationPlatforms) = postSolution
		{98E5137F-CA39-4071-93F2-FAB57A82D46A}.Debug|Any CPU.ActiveCfg = Debug|Any CPU
		{98E5137F-CA39-4071-93F2-FAB57A82D46A}.Debug|Any CPU.Build.0 = Debug|Any CPU
		{98E5137F-CA39-4071-93F2-FAB57A82D46A}.Release|Any CPU.ActiveCfg = Release|Any CPU
		{98E5137F-CA39-4071-93F2-FAB57A82D46A}.Release|Any CPU.Build.0 = Release|Any CPU
	EndGlobalSection
	GlobalSection(SolutionProperties) = preSolution
		HideSolutionNode = FALSE
	EndGlobalSection
	GlobalSection(ExtensibilityGlobals) = postSolution
		SolutionGuid = {43C71ABB-EA37-4861-8BE6-88F4D1C0F6D7}
	EndGlobalSection
EndGlobal
